
Microsoft Visual Studio Solution File, Format Version 12.00
# Visual Studio Version 17
VisualStudioVersion = 17.7.34221.43
MinimumVisualStudioVersion = 10.0.40219.1
Project("{FAE04EC0-301F-11D3-BF4B-00C04F79EFBC}") = "Sort", "Sort\Sort.csproj", "{4A86B295-3B54-4502-A8A4-28A7B8B5D0EF}"
EndProject
Global
	GlobalSection(SolutionConfigurationPlatforms) = preSolution
		Debug|Any CPU = Debug|Any CPU
		Release|Any CPU = Release|Any CPU
	EndGlobalSection
	GlobalSection(ProjectConfigurationPlatforms) = postSolution
		{4A86B295-3B54-4502-A8A4-28A7B8B5D0EF}.Debug|Any CPU.ActiveCfg = Debug|Any CPU
		{4A86B295-3B54-4502-A8A4-28A7B8B5D0EF}.Debug|Any CPU.Build.0 = Debug|Any CPU
		{4A86B295-3B54-4502-A8A4-28A7B8B5D0EF}.Release|Any CPU.ActiveCfg = Release|Any CPU
		{4A86B295-3B54-4502-A8A4-28A7B8B5D0EF}.Release|Any CPU.Build.0 = Release|Any CPU
	EndGlobalSection
	GlobalSection(SolutionProperties) = preSolution
		HideSolutionNode = FALSE
	EndGlobalSection
	GlobalSection(ExtensibilityGlobals) = postSolution
		SolutionGuid = {6429FFCC-2DCF-4B32-AC58-2C3E2E13A0E6}
	EndGlobalSection
EndGlobal
